# THIS IS AN AUTOGENERATED FILE. DO NOT EDIT THIS FILE DIRECTLY.
# yarn lockfile v1


yargs-parser@^20.2.0:
  version "20.2.0"
  resolved "https://registry.yarnpkg.com/yargs-parser/-/yargs-parser-20.2.0.tgz#944791ca2be2e08ddadd3d87e9de4c6484338605"
  integrity sha512-2agPoRFPoIcFzOIp6656gcvsg2ohtscpw2OINr/q46+Sq41xz2OYLqx5HRHabmFU1OARIPAYH5uteICE7mn/5A==
